
Microsoft Visual Studio Solution File, Format Version 12.00
# Visual Studio 15
VisualStudioVersion = 15.0.28307.1525
MinimumVisualStudioVersion = 10.0.40219.1
Project("{FAE04EC0-301F-11D3-BF4B-00C04F79EFBC}") = "PaySummary", "PaySummary\PaySummary.csproj", "{CC6FA371-952A-4052-B31A-E89BF8974FD7}"
EndProject
Global
	GlobalSection(SolutionConfigurationPlatforms) = preSolution
		Debug|Any CPU = Debug|Any CPU
		Release|Any CPU = Release|Any CPU
	EndGlobalSection
	GlobalSection(ProjectConfigurationPlatforms) = postSolution
		{CC6FA371-952A-4052-B31A-E89BF8974FD7}.Debug|Any CPU.ActiveCfg = Debug|Any CPU
		{CC6FA371-952A-4052-B31A-E89BF8974FD7}.Debug|Any CPU.Build.0 = Debug|Any CPU
		{CC6FA371-952A-4052-B31A-E89BF8974FD7}.Release|Any CPU.ActiveCfg = Release|Any CPU
		{CC6FA371-952A-4052-B31A-E89BF8974FD7}.Release|Any CPU.Build.0 = Release|Any CPU
	EndGlobalSection
	GlobalSection(SolutionProperties) = preSolution
		HideSolutionNode = FALSE
	EndGlobalSection
	GlobalSection(ExtensibilityGlobals) = postSolution
		SolutionGuid = {D91548FF-24B1-46EC-A098-49A9DEAF03BB}
	EndGlobalSection
EndGlobal
